<?xml version="1.0" encoding="utf-8"?>
<Project ToolsVersion="4.0" xmlns="http://schemas.microsoft.com/developer/msbuild/2003">
  <ItemGroup>
    <ClCompile Include="main.cpp" />
    <ClCompile Include="Enemy.cpp">
      <Filter>Enemy</Filter>
    </ClCompile>
    <ClCompile Include="Boss.cpp">
      <Filter>Enemy\Boss</Filter>
    </ClCompile>
    <ClCompile Include="RebelSoldier.cpp">
      <Filter>Enemy\Rebel Soldier</Filter>
    </ClCompile>
    <ClCompile Include="RebelSoldierRifle.cpp">
      <Filter>Enemy\Rebel Soldier Rifle</Filter>
    </ClCompile>
    <ClCompile Include="Avatar.cpp">
      <Filter>Avatar</Filter>
    </ClCompile>
    <ClCompile Include="Bullet.cpp">
      <Filter>Projectile\Bullet</Filter>
    </ClCompile>
    <ClCompile Include="Camera.cpp">
      <Filter>Camera</Filter>
    </ClCompile>
    <ClCompile Include="EnemyManager.cpp">
      <Filter>Enemy\Enemy Manager</Filter>
    </ClCompile>
    <ClCompile Include="Game.cpp">
      <Filter>Game</Filter>
    </ClCompile>
    <ClCompile Include="LaserBolt.cpp">
      <Filter>Projectile\Laser Bolt</Filter>
    </ClCompile>
    <ClCompile Include="ProjectileManager.cpp">
      <Filter>Projectile\Projectile Manager</Filter>
    </ClCompile>
    <ClCompile Include="Hud.cpp">
      <Filter>Hud</Filter>
    </ClCompile>
    <ClCompile Include="Parralax.cpp">
      <Filter>Parralax</Filter>
    </ClCompile>
    <ClCompile Include="Leg.cpp">
      <Filter>Sprites\Leg</Filter>
    </ClCompile>
    <ClCompile Include="Torso.cpp">
      <Filter>Sprites\Torso</Filter>
    </ClCompile>
    <ClCompile Include="Sprite.cpp">
      <Filter>Sprites</Filter>
    </ClCompile>
    <ClCompile Include="Plasma.cpp">
      <Filter>Projectile\Plasma</Filter>
    </ClCompile>
    <ClCompile Include="Level.cpp">
      <Filter>Level</Filter>
    </ClCompile>
    <ClCompile Include="Platform.cpp">
      <Filter>Platform</Filter>
    </ClCompile>
    <ClCompile Include="PlatformManager.cpp">
      <Filter>Platform\Platform Manager</Filter>
    </ClCompile>
    <ClCompile Include="PowerUp.cpp">
      <Filter>Power Up</Filter>
    </ClCompile>
    <ClCompile Include="RifleBullet.cpp">
      <Filter>Projectile\Rifle Bullet</Filter>
    </ClCompile>
    <ClCompile Include="PowerUpManager.cpp">
      <Filter>Power Up\Power Up Manager</Filter>
    </ClCompile>
    <ClCompile Include="SettingMenu.cpp">
      <Filter>Hud\Settings Menu</Filter>
    </ClCompile>
    <ClCompile Include="SoundManager.cpp">
      <Filter>Sound Manager</Filter>
    </ClCompile>
  </ItemGroup>
  <ItemGroup>
    <ClInclude Include="Enemy.h">
      <Filter>Enemy</Filter>
    </ClInclude>
    <ClInclude Include="Boss.h">
      <Filter>Enemy\Boss</Filter>
    </ClInclude>
    <ClInclude Include="RebelSoldier.h">
      <Filter>Enemy\Rebel Soldier</Filter>
    </ClInclude>
    <ClInclude Include="RebelSoldierRifle.h">
      <Filter>Enemy\Rebel Soldier Rifle</Filter>
    </ClInclude>
    <ClInclude Include="Avatar.h">
      <Filter>Avatar</Filter>
    </ClInclude>
    <ClInclude Include="Projectile.h">
      <Filter>Projectile</Filter>
    </ClInclude>
    <ClInclude Include="Bullet.h">
      <Filter>Projectile\Bullet</Filter>
    </ClInclude>
    <ClInclude Include="Camera.h">
      <Filter>Camera</Filter>
    </ClInclude>
    <ClInclude Include="EnemyManager.h">
      <Filter>Enemy\Enemy Manager</Filter>
    </ClInclude>
    <ClInclude Include="Game.h">
      <Filter>Game</Filter>
    </ClInclude>
    <ClInclude Include="LaserBolt.h">
      <Filter>Projectile\Laser Bolt</Filter>
    </ClInclude>
    <ClInclude Include="ProjectileManager.h">
      <Filter>Projectile\Projectile Manager</Filter>
    </ClInclude>
    <ClInclude Include="Hud.h">
      <Filter>Hud</Filter>
    </ClInclude>
    <ClInclude Include="Parralax.h">
      <Filter>Parralax</Filter>
    </ClInclude>
    <ClInclude Include="Leg.h">
      <Filter>Sprites\Leg</Filter>
    </ClInclude>
    <ClInclude Include="Torso.h">
      <Filter>Sprites\Torso</Filter>
    </ClInclude>
    <ClInclude Include="Sprite.h">
      <Filter>Sprites</Filter>
    </ClInclude>
    <ClInclude Include="Plasma.h">
      <Filter>Projectile\Plasma</Filter>
    </ClInclude>
    <ClInclude Include="Level.h">
      <Filter>Level</Filter>
    </ClInclude>
    <ClInclude Include="Platform.h">
      <Filter>Platform</Filter>
    </ClInclude>
    <ClInclude Include="PlatformManager.h">
      <Filter>Platform\Platform Manager</Filter>
    </ClInclude>
    <ClInclude Include="PowerUp.h">
      <Filter>Power Up</Filter>
    </ClInclude>
    <ClInclude Include="RifleBullet.h">
      <Filter>Projectile\Rifle Bullet</Filter>
    </ClInclude>
    <ClInclude Include="PowerUpManager.h">
      <Filter>Power Up\Power Up Manager</Filter>
    </ClInclude>
    <ClInclude Include="SettingMenu.h">
      <Filter>Hud\Settings Menu</Filter>
    </ClInclude>
    <ClInclude Include="SoundManager.h">
      <Filter>Sound Manager</Filter>
    </ClInclude>
  </ItemGroup>
  <ItemGroup>
    <Filter Include="Enemy">
      <UniqueIdentifier>{ceed4235-c4d2-42a3-a24d-05c14d14122a}</UniqueIdentifier>
    </Filter>
    <Filter Include="Enemy\Boss">
      <UniqueIdentifier>{8a124eae-caa4-4faf-8dd1-0bb16c886da9}</UniqueIdentifier>
    </Filter>
    <Filter Include="Enemy\Rebel Soldier">
      <UniqueIdentifier>{7ea8e1ab-bc5a-4230-8705-31cc01c19b20}</UniqueIdentifier>
    </Filter>
    <Filter Include="Enemy\Rebel Soldier Rifle">
      <UniqueIdentifier>{fe683874-69e0-473e-a05c-1fc83afafb49}</UniqueIdentifier>
    </Filter>
    <Filter Include="Avatar">
      <UniqueIdentifier>{5215edb9-420d-49e1-ac87-7f4119a25882}</UniqueIdentifier>
    </Filter>
    <Filter Include="Projectile">
      <UniqueIdentifier>{bdc3f4a7-65b0-4a4b-8bb8-3680b8d42439}</UniqueIdentifier>
    </Filter>
    <Filter Include="Projectile\Bullet">
      <UniqueIdentifier>{bcb55a51-b99b-4dff-94da-cb3c294377dc}</UniqueIdentifier>
    </Filter>
    <Filter Include="Camera">
      <UniqueIdentifier>{248e70e9-d322-448c-bf5c-9e3d886387ab}</UniqueIdentifier>
    </Filter>
    <Filter Include="Enemy\Enemy Manager">
      <UniqueIdentifier>{065e7452-5fd9-4288-9aba-d358b0cd7083}</UniqueIdentifier>
    </Filter>
    <Filter Include="Game">
      <UniqueIdentifier>{8f3e3ec6-ca41-4527-97c1-7ee271d07121}</UniqueIdentifier>
    </Filter>
    <Filter Include="Projectile\Laser Bolt">
      <UniqueIdentifier>{d433f33d-0120-4176-9378-05dc22b96c9c}</UniqueIdentifier>
    </Filter>
    <Filter Include="Projectile\Projectile Manager">
      <UniqueIdentifier>{de715940-4697-4dfe-b1b8-d07d188da094}</UniqueIdentifier>
    </Filter>
    <Filter Include="Hud">
      <UniqueIdentifier>{b1bf8321-0797-4c68-906d-0d531b4c7fc7}</UniqueIdentifier>
    </Filter>
    <Filter Include="Parralax">
      <UniqueIdentifier>{2376baca-f6eb-40d6-9c51-e14fe33869b6}</UniqueIdentifier>
    </Filter>
    <Filter Include="Sprites">
      <UniqueIdentifier>{a47a9f96-4e1e-41f8-acfc-fbec46a0fcbd}</UniqueIdentifier>
    </Filter>
    <Filter Include="Sprites\Torso">
      <UniqueIdentifier>{a07227d3-fa23-4aab-976c-8df1f9d2b1e3}</UniqueIdentifier>
    </Filter>
    <Filter Include="Sprites\Leg">
      <UniqueIdentifier>{d08ea291-a6fb-4476-9ecb-8c2cf942a450}</UniqueIdentifier>
    </Filter>
    <Filter Include="Projectile\Plasma">
      <UniqueIdentifier>{c4e8b494-f95f-4582-9c58-e3ea42d4b1b4}</UniqueIdentifier>
    </Filter>
    <Filter Include="Level">
      <UniqueIdentifier>{67db700b-98af-4bda-8134-1adf3f22d011}</UniqueIdentifier>
    </Filter>
    <Filter Include="Platform">
      <UniqueIdentifier>{5cd8c133-3bdd-4126-913a-5fb8c7e46392}</UniqueIdentifier>
    </Filter>
    <Filter Include="Platform\Platform Manager">
      <UniqueIdentifier>{5ebacee0-091b-4644-b7cd-cdabf41338ba}</UniqueIdentifier>
    </Filter>
    <Filter Include="Power Up">
      <UniqueIdentifier>{21973bc7-1a79-424a-bfc3-42b311382649}</UniqueIdentifier>
    </Filter>
    <Filter Include="Projectile\Rifle Bullet">
      <UniqueIdentifier>{b19e8deb-8d45-418e-ba69-118c26b4dc98}</UniqueIdentifier>
    </Filter>
    <Filter Include="Power Up\Power Up Manager">
      <UniqueIdentifier>{4eb93fc3-f147-48d9-ae91-149651d157c1}</UniqueIdentifier>
    </Filter>
    <Filter Include="Hud\Settings Menu">
      <UniqueIdentifier>{ac30b0ed-091b-4bc6-b7fd-938042318d19}</UniqueIdentifier>
    </Filter>
    <Filter Include="Sound Manager">
      <UniqueIdentifier>{97169620-7d69-4692-bfc8-c17c209caefb}</UniqueIdentifier>
    </Filter>
  </ItemGroup>
</Project>